// !$*UTF8*$!
{
	archiveVersion = 1;
	classes = {
	};
	objectVersion = 46;
	objects = {

/* Begin PBXBuildFile section */
		911EF8E51F22668200F37791 /* UsbCableCommands.swift in Sources */ = {isa = PBXBuildFile; fileRef = 911EF8E41F22668200F37791 /* UsbCableCommands.swift */; };
		915817F91F204B4600FA6382 /* MicAudioStreamCommands.swift in Sources */ = {isa = PBXBuildFile; fileRef = 915817F01F204B4600FA6382 /* MicAudioStreamCommands.swift */; };
		915817FA1F204B4600FA6382 /* OpusCommands.swift in Sources */ = {isa = PBXBuildFile; fileRef = 915817F11F204B4600FA6382 /* OpusCommands.swift */; };
		915817FB1F204B4600FA6382 /* PanadapterCommands.swift in Sources */ = {isa = PBXBuildFile; fileRef = 915817F21F204B4600FA6382 /* PanadapterCommands.swift */; };
		915817FC1F204B4600FA6382 /* RadioCommands.swift in Sources */ = {isa = PBXBuildFile; fileRef = 915817F31F204B4600FA6382 /* RadioCommands.swift */; };
		915817FD1F204B4600FA6382 /* SliceCommands.swift in Sources */ = {isa = PBXBuildFile; fileRef = 915817F41F204B4600FA6382 /* SliceCommands.swift */; };
		915817FE1F204B4600FA6382 /* TnfCommands.swift in Sources */ = {isa = PBXBuildFile; fileRef = 915817F51F204B4600FA6382 /* TnfCommands.swift */; };
		915817FF1F204B4600FA6382 /* TxAudioStreamCommands.swift in Sources */ = {isa = PBXBuildFile; fileRef = 915817F61F204B4600FA6382 /* TxAudioStreamCommands.swift */; };
		915818001F204B4600FA6382 /* WaterfallCommands.swift in Sources */ = {isa = PBXBuildFile; fileRef = 915817F71F204B4600FA6382 /* WaterfallCommands.swift */; };
		915818011F204B4600FA6382 /* XvtrCommands.swift in Sources */ = {isa = PBXBuildFile; fileRef = 915817F81F204B4600FA6382 /* XvtrCommands.swift */; };
		915818031F20F7A600FA6382 /* MeterCommands.swift in Sources */ = {isa = PBXBuildFile; fileRef = 915818021F20F7A600FA6382 /* MeterCommands.swift */; };
		915818051F20F9EB00FA6382 /* MemoryCommands.swift in Sources */ = {isa = PBXBuildFile; fileRef = 915818041F20F9EB00FA6382 /* MemoryCommands.swift */; };
		915818071F20FAEC00FA6382 /* IqStreamCommands.swift in Sources */ = {isa = PBXBuildFile; fileRef = 915818061F20FAEC00FA6382 /* IqStreamCommands.swift */; };
		915818091F20FB7700FA6382 /* CwxCommands.swift in Sources */ = {isa = PBXBuildFile; fileRef = 915818081F20FB7700FA6382 /* CwxCommands.swift */; };
		9158180B1F20FD8700FA6382 /* AudioStreamCommands.swift in Sources */ = {isa = PBXBuildFile; fileRef = 9158180A1F20FD8700FA6382 /* AudioStreamCommands.swift */; };
		9158180D1F20FFEC00FA6382 /* EqualizerCommands.swift in Sources */ = {isa = PBXBuildFile; fileRef = 9158180C1F20FFEC00FA6382 /* EqualizerCommands.swift */; };
		91B9F7B71ED916B300F7799D /* xFlexAPI.h in Headers */ = {isa = PBXBuildFile; fileRef = 91B9F7B51ED916B300F7799D /* xFlexAPI.h */; settings = {ATTRIBUTES = (Public, ); }; };
		91B9F7E51ED9170B00F7799D /* Extensions.swift in Sources */ = {isa = PBXBuildFile; fileRef = 91B9F7C31ED9170B00F7799D /* Extensions.swift */; };
		91B9F7E71ED9170B00F7799D /* Filters.plist in Resources */ = {isa = PBXBuildFile; fileRef = 91B9F7C51ED9170B00F7799D /* Filters.plist */; };
		91B9F7E81ED9170B00F7799D /* FlexErrors.swift in Sources */ = {isa = PBXBuildFile; fileRef = 91B9F7C61ED9170B00F7799D /* FlexErrors.swift */; };
		91B9F7EB1ED9170B00F7799D /* Notification.swift in Sources */ = {isa = PBXBuildFile; fileRef = 91B9F7C91ED9170B00F7799D /* Notification.swift */; };
		91B9F7EC1ED9170B00F7799D /* RadioParameters.swift in Sources */ = {isa = PBXBuildFile; fileRef = 91B9F7CA1ED9170B00F7799D /* RadioParameters.swift */; };
		91B9F7ED1ED9170B00F7799D /* AudioStream.swift in Sources */ = {isa = PBXBuildFile; fileRef = 91B9F7CC1ED9170B00F7799D /* AudioStream.swift */; };
		91B9F7EE1ED9170B00F7799D /* Cwx.swift in Sources */ = {isa = PBXBuildFile; fileRef = 91B9F7CD1ED9170B00F7799D /* Cwx.swift */; };
		91B9F7EF1ED9170B00F7799D /* Equalizer.swift in Sources */ = {isa = PBXBuildFile; fileRef = 91B9F7CE1ED9170B00F7799D /* Equalizer.swift */; };
		91B9F7F01ED9170B00F7799D /* IqStream.swift in Sources */ = {isa = PBXBuildFile; fileRef = 91B9F7CF1ED9170B00F7799D /* IqStream.swift */; };
		91B9F7F11ED9170B00F7799D /* Log.swift in Sources */ = {isa = PBXBuildFile; fileRef = 91B9F7D01ED9170B00F7799D /* Log.swift */; };
		91B9F7F21ED9170B00F7799D /* Memory.swift in Sources */ = {isa = PBXBuildFile; fileRef = 91B9F7D11ED9170B00F7799D /* Memory.swift */; };
		91B9F7F31ED9170B00F7799D /* Meter.swift in Sources */ = {isa = PBXBuildFile; fileRef = 91B9F7D21ED9170B00F7799D /* Meter.swift */; };
		91B9F7F41ED9170B00F7799D /* MicAudioStream.swift in Sources */ = {isa = PBXBuildFile; fileRef = 91B9F7D31ED9170B00F7799D /* MicAudioStream.swift */; };
		91B9F7F51ED9170B00F7799D /* Opus.swift in Sources */ = {isa = PBXBuildFile; fileRef = 91B9F7D41ED9170B00F7799D /* Opus.swift */; };
		91B9F7F61ED9170B00F7799D /* Panadapter.swift in Sources */ = {isa = PBXBuildFile; fileRef = 91B9F7D51ED9170B00F7799D /* Panadapter.swift */; };
		91B9F7F71ED9170B00F7799D /* Radio.swift in Sources */ = {isa = PBXBuildFile; fileRef = 91B9F7D61ED9170B00F7799D /* Radio.swift */; };
		91B9F7F81ED9170B00F7799D /* RadioFactory.swift in Sources */ = {isa = PBXBuildFile; fileRef = 91B9F7D71ED9170B00F7799D /* RadioFactory.swift */; };
		91B9F7F91ED9170B00F7799D /* Slice.swift in Sources */ = {isa = PBXBuildFile; fileRef = 91B9F7D81ED9170B00F7799D /* Slice.swift */; };
		91B9F7FA1ED9170B00F7799D /* Tnf.swift in Sources */ = {isa = PBXBuildFile; fileRef = 91B9F7D91ED9170B00F7799D /* Tnf.swift */; };
		91B9F7FB1ED9170B00F7799D /* TxAudioStream.swift in Sources */ = {isa = PBXBuildFile; fileRef = 91B9F7DA1ED9170B00F7799D /* TxAudioStream.swift */; };
		91B9F7FC1ED9170B00F7799D /* Waterfall.swift in Sources */ = {isa = PBXBuildFile; fileRef = 91B9F7DB1ED9170B00F7799D /* Waterfall.swift */; };
		91B9F7FD1ED9170B00F7799D /* Pinger.swift in Sources */ = {isa = PBXBuildFile; fileRef = 91B9F7DD1ED9170B00F7799D /* Pinger.swift */; };
		91B9F7FE1ED9170B00F7799D /* TcpManager.swift in Sources */ = {isa = PBXBuildFile; fileRef = 91B9F7DE1ED9170B00F7799D /* TcpManager.swift */; };
		91B9F7FF1ED9170B00F7799D /* UdpManager.swift in Sources */ = {isa = PBXBuildFile; fileRef = 91B9F7DF1ED9170B00F7799D /* UdpManager.swift */; };
		91B9F8001ED9170B00F7799D /* Vita.swift in Sources */ = {isa = PBXBuildFile; fileRef = 91B9F7E01ED9170B00F7799D /* Vita.swift */; };
		91B9F80E1ED9203300F7799D /* GCDAsyncSocket.m in Sources */ = {isa = PBXBuildFile; fileRef = 91B9F80A1ED9203300F7799D /* GCDAsyncSocket.m */; };
		91B9F8101ED9203300F7799D /* GCDAsyncUdpSocket.m in Sources */ = {isa = PBXBuildFile; fileRef = 91B9F80C1ED9203300F7799D /* GCDAsyncUdpSocket.m */; };
		91B9F8111ED9212200F7799D /* GCDAsyncSocket.h in Headers */ = {isa = PBXBuildFile; fileRef = 91B9F8091ED9203300F7799D /* GCDAsyncSocket.h */; settings = {ATTRIBUTES = (Public, ); }; };
		91B9F8121ED9212200F7799D /* GCDAsyncUdpSocket.h in Headers */ = {isa = PBXBuildFile; fileRef = 91B9F80B1ED9203300F7799D /* GCDAsyncUdpSocket.h */; settings = {ATTRIBUTES = (Public, ); }; };
		91C831011EFF4FA100836BE9 /* Xvtr.swift in Sources */ = {isa = PBXBuildFile; fileRef = 91C831001EFF4FA100836BE9 /* Xvtr.swift */; };
		91C831031F001D0500836BE9 /* UsbCable.swift in Sources */ = {isa = PBXBuildFile; fileRef = 91C831021F001D0500836BE9 /* UsbCable.swift */; };
/* End PBXBuildFile section */

/* Begin PBXFileReference section */
		911EF8E41F22668200F37791 /* UsbCableCommands.swift */ = {isa = PBXFileReference; fileEncoding = 4; lastKnownFileType = sourcecode.swift; name = UsbCableCommands.swift; path = Sources/Commands/UsbCableCommands.swift; sourceTree = "<group>"; };
		915817F01F204B4600FA6382 /* MicAudioStreamCommands.swift */ = {isa = PBXFileReference; fileEncoding = 4; lastKnownFileType = sourcecode.swift; name = MicAudioStreamCommands.swift; path = Sources/Commands/MicAudioStreamCommands.swift; sourceTree = "<group>"; };
		915817F11F204B4600FA6382 /* OpusCommands.swift */ = {isa = PBXFileReference; fileEncoding = 4; lastKnownFileType = sourcecode.swift; name = OpusCommands.swift; path = Sources/Commands/OpusCommands.swift; sourceTree = "<group>"; };
		915817F21F204B4600FA6382 /* PanadapterCommands.swift */ = {isa = PBXFileReference; fileEncoding = 4; lastKnownFileType = sourcecode.swift; name = PanadapterCommands.swift; path = Sources/Commands/PanadapterCommands.swift; sourceTree = "<group>"; };
		915817F31F204B4600FA6382 /* RadioCommands.swift */ = {isa = PBXFileReference; fileEncoding = 4; lastKnownFileType = sourcecode.swift; name = RadioCommands.swift; path = Sources/Commands/RadioCommands.swift; sourceTree = "<group>"; };
		915817F41F204B4600FA6382 /* SliceCommands.swift */ = {isa = PBXFileReference; fileEncoding = 4; lastKnownFileType = sourcecode.swift; name = SliceCommands.swift; path = Sources/Commands/SliceCommands.swift; sourceTree = "<group>"; };
		915817F51F204B4600FA6382 /* TnfCommands.swift */ = {isa = PBXFileReference; fileEncoding = 4; lastKnownFileType = sourcecode.swift; name = TnfCommands.swift; path = Sources/Commands/TnfCommands.swift; sourceTree = "<group>"; };
		915817F61F204B4600FA6382 /* TxAudioStreamCommands.swift */ = {isa = PBXFileReference; fileEncoding = 4; lastKnownFileType = sourcecode.swift; name = TxAudioStreamCommands.swift; path = Sources/Commands/TxAudioStreamCommands.swift; sourceTree = "<group>"; };
		915817F71F204B4600FA6382 /* WaterfallCommands.swift */ = {isa = PBXFileReference; fileEncoding = 4; lastKnownFileType = sourcecode.swift; name = WaterfallCommands.swift; path = Sources/Commands/WaterfallCommands.swift; sourceTree = "<group>"; };
		915817F81F204B4600FA6382 /* XvtrCommands.swift */ = {isa = PBXFileReference; fileEncoding = 4; lastKnownFileType = sourcecode.swift; name = XvtrCommands.swift; path = Sources/Commands/XvtrCommands.swift; sourceTree = "<group>"; };
		915818021F20F7A600FA6382 /* MeterCommands.swift */ = {isa = PBXFileReference; fileEncoding = 4; lastKnownFileType = sourcecode.swift; name = MeterCommands.swift; path = Sources/Commands/MeterCommands.swift; sourceTree = "<group>"; };
		915818041F20F9EB00FA6382 /* MemoryCommands.swift */ = {isa = PBXFileReference; fileEncoding = 4; lastKnownFileType = sourcecode.swift; name = MemoryCommands.swift; path = Sources/Commands/MemoryCommands.swift; sourceTree = "<group>"; };
		915818061F20FAEC00FA6382 /* IqStreamCommands.swift */ = {isa = PBXFileReference; fileEncoding = 4; lastKnownFileType = sourcecode.swift; name = IqStreamCommands.swift; path = Sources/Commands/IqStreamCommands.swift; sourceTree = "<group>"; };
		915818081F20FB7700FA6382 /* CwxCommands.swift */ = {isa = PBXFileReference; fileEncoding = 4; lastKnownFileType = sourcecode.swift; name = CwxCommands.swift; path = Sources/Commands/CwxCommands.swift; sourceTree = "<group>"; };
		9158180A1F20FD8700FA6382 /* AudioStreamCommands.swift */ = {isa = PBXFileReference; fileEncoding = 4; lastKnownFileType = sourcecode.swift; name = AudioStreamCommands.swift; path = Sources/Commands/AudioStreamCommands.swift; sourceTree = "<group>"; };
		9158180C1F20FFEC00FA6382 /* EqualizerCommands.swift */ = {isa = PBXFileReference; fileEncoding = 4; lastKnownFileType = sourcecode.swift; name = EqualizerCommands.swift; path = Sources/Commands/EqualizerCommands.swift; sourceTree = "<group>"; };
		91B9F7B21ED916B300F7799D /* xFlexAPI.framework */ = {isa = PBXFileReference; explicitFileType = wrapper.framework; includeInIndex = 0; path = xFlexAPI.framework; sourceTree = BUILT_PRODUCTS_DIR; };
		91B9F7B51ED916B300F7799D /* xFlexAPI.h */ = {isa = PBXFileReference; lastKnownFileType = sourcecode.c.h; path = xFlexAPI.h; sourceTree = "<group>"; };
		91B9F7B61ED916B300F7799D /* Info.plist */ = {isa = PBXFileReference; lastKnownFileType = text.plist.xml; path = Info.plist; sourceTree = "<group>"; };
		91B9F7C31ED9170B00F7799D /* Extensions.swift */ = {isa = PBXFileReference; fileEncoding = 4; lastKnownFileType = sourcecode.swift; path = Extensions.swift; sourceTree = "<group>"; };
		91B9F7C51ED9170B00F7799D /* Filters.plist */ = {isa = PBXFileReference; fileEncoding = 4; lastKnownFileType = text.plist.xml; path = Filters.plist; sourceTree = "<group>"; };
		91B9F7C61ED9170B00F7799D /* FlexErrors.swift */ = {isa = PBXFileReference; fileEncoding = 4; lastKnownFileType = sourcecode.swift; path = FlexErrors.swift; sourceTree = "<group>"; };
		91B9F7C91ED9170B00F7799D /* Notification.swift */ = {isa = PBXFileReference; fileEncoding = 4; lastKnownFileType = sourcecode.swift; path = Notification.swift; sourceTree = "<group>"; };
		91B9F7CA1ED9170B00F7799D /* RadioParameters.swift */ = {isa = PBXFileReference; fileEncoding = 4; lastKnownFileType = sourcecode.swift; path = RadioParameters.swift; sourceTree = "<group>"; };
		91B9F7CC1ED9170B00F7799D /* AudioStream.swift */ = {isa = PBXFileReference; fileEncoding = 4; lastKnownFileType = sourcecode.swift; lineEnding = 0; path = AudioStream.swift; sourceTree = "<group>"; xcLanguageSpecificationIdentifier = xcode.lang.swift; };
		91B9F7CD1ED9170B00F7799D /* Cwx.swift */ = {isa = PBXFileReference; fileEncoding = 4; lastKnownFileType = sourcecode.swift; lineEnding = 0; path = Cwx.swift; sourceTree = "<group>"; xcLanguageSpecificationIdentifier = xcode.lang.swift; };
		91B9F7CE1ED9170B00F7799D /* Equalizer.swift */ = {isa = PBXFileReference; fileEncoding = 4; lastKnownFileType = sourcecode.swift; lineEnding = 0; path = Equalizer.swift; sourceTree = "<group>"; xcLanguageSpecificationIdentifier = xcode.lang.swift; };
		91B9F7CF1ED9170B00F7799D /* IqStream.swift */ = {isa = PBXFileReference; fileEncoding = 4; lastKnownFileType = sourcecode.swift; lineEnding = 0; path = IqStream.swift; sourceTree = "<group>"; xcLanguageSpecificationIdentifier = xcode.lang.swift; };
		91B9F7D01ED9170B00F7799D /* Log.swift */ = {isa = PBXFileReference; fileEncoding = 4; lastKnownFileType = sourcecode.swift; path = Log.swift; sourceTree = "<group>"; };
		91B9F7D11ED9170B00F7799D /* Memory.swift */ = {isa = PBXFileReference; fileEncoding = 4; lastKnownFileType = sourcecode.swift; lineEnding = 0; path = Memory.swift; sourceTree = "<group>"; xcLanguageSpecificationIdentifier = xcode.lang.swift; };
		91B9F7D21ED9170B00F7799D /* Meter.swift */ = {isa = PBXFileReference; fileEncoding = 4; lastKnownFileType = sourcecode.swift; lineEnding = 0; path = Meter.swift; sourceTree = "<group>"; xcLanguageSpecificationIdentifier = xcode.lang.swift; };
		91B9F7D31ED9170B00F7799D /* MicAudioStream.swift */ = {isa = PBXFileReference; fileEncoding = 4; lastKnownFileType = sourcecode.swift; lineEnding = 0; path = MicAudioStream.swift; sourceTree = "<group>"; xcLanguageSpecificationIdentifier = xcode.lang.swift; };
		91B9F7D41ED9170B00F7799D /* Opus.swift */ = {isa = PBXFileReference; fileEncoding = 4; lastKnownFileType = sourcecode.swift; lineEnding = 0; path = Opus.swift; sourceTree = "<group>"; xcLanguageSpecificationIdentifier = xcode.lang.swift; };
		91B9F7D51ED9170B00F7799D /* Panadapter.swift */ = {isa = PBXFileReference; fileEncoding = 4; lastKnownFileType = sourcecode.swift; lineEnding = 0; path = Panadapter.swift; sourceTree = "<group>"; xcLanguageSpecificationIdentifier = xcode.lang.swift; };
		91B9F7D61ED9170B00F7799D /* Radio.swift */ = {isa = PBXFileReference; fileEncoding = 4; lastKnownFileType = sourcecode.swift; lineEnding = 0; path = Radio.swift; sourceTree = "<group>"; xcLanguageSpecificationIdentifier = xcode.lang.swift; };
		91B9F7D71ED9170B00F7799D /* RadioFactory.swift */ = {isa = PBXFileReference; fileEncoding = 4; lastKnownFileType = sourcecode.swift; path = RadioFactory.swift; sourceTree = "<group>"; };
		91B9F7D81ED9170B00F7799D /* Slice.swift */ = {isa = PBXFileReference; fileEncoding = 4; lastKnownFileType = sourcecode.swift; lineEnding = 0; path = Slice.swift; sourceTree = "<group>"; xcLanguageSpecificationIdentifier = xcode.lang.swift; };
		91B9F7D91ED9170B00F7799D /* Tnf.swift */ = {isa = PBXFileReference; fileEncoding = 4; lastKnownFileType = sourcecode.swift; lineEnding = 0; path = Tnf.swift; sourceTree = "<group>"; xcLanguageSpecificationIdentifier = xcode.lang.swift; };
		91B9F7DA1ED9170B00F7799D /* TxAudioStream.swift */ = {isa = PBXFileReference; fileEncoding = 4; lastKnownFileType = sourcecode.swift; lineEnding = 0; path = TxAudioStream.swift; sourceTree = "<group>"; xcLanguageSpecificationIdentifier = xcode.lang.swift; };
		91B9F7DB1ED9170B00F7799D /* Waterfall.swift */ = {isa = PBXFileReference; fileEncoding = 4; lastKnownFileType = sourcecode.swift; lineEnding = 0; path = Waterfall.swift; sourceTree = "<group>"; xcLanguageSpecificationIdentifier = xcode.lang.swift; };
		91B9F7DD1ED9170B00F7799D /* Pinger.swift */ = {isa = PBXFileReference; fileEncoding = 4; lastKnownFileType = sourcecode.swift; path = Pinger.swift; sourceTree = "<group>"; };
		91B9F7DE1ED9170B00F7799D /* TcpManager.swift */ = {isa = PBXFileReference; fileEncoding = 4; lastKnownFileType = sourcecode.swift; path = TcpManager.swift; sourceTree = "<group>"; };
		91B9F7DF1ED9170B00F7799D /* UdpManager.swift */ = {isa = PBXFileReference; fileEncoding = 4; lastKnownFileType = sourcecode.swift; path = UdpManager.swift; sourceTree = "<group>"; };
		91B9F7E01ED9170B00F7799D /* Vita.swift */ = {isa = PBXFileReference; fileEncoding = 4; lastKnownFileType = sourcecode.swift; path = Vita.swift; sourceTree = "<group>"; };
		91B9F8091ED9203300F7799D /* GCDAsyncSocket.h */ = {isa = PBXFileReference; fileEncoding = 4; lastKnownFileType = sourcecode.c.h; path = GCDAsyncSocket.h; sourceTree = "<group>"; };
		91B9F80A1ED9203300F7799D /* GCDAsyncSocket.m */ = {isa = PBXFileReference; fileEncoding = 4; lastKnownFileType = sourcecode.c.objc; path = GCDAsyncSocket.m; sourceTree = "<group>"; };
		91B9F80B1ED9203300F7799D /* GCDAsyncUdpSocket.h */ = {isa = PBXFileReference; fileEncoding = 4; lastKnownFileType = sourcecode.c.h; path = GCDAsyncUdpSocket.h; sourceTree = "<group>"; };
		91B9F80C1ED9203300F7799D /* GCDAsyncUdpSocket.m */ = {isa = PBXFileReference; fileEncoding = 4; lastKnownFileType = sourcecode.c.objc; path = GCDAsyncUdpSocket.m; sourceTree = "<group>"; };
		91C831001EFF4FA100836BE9 /* Xvtr.swift */ = {isa = PBXFileReference; lastKnownFileType = sourcecode.swift; lineEnding = 0; path = Xvtr.swift; sourceTree = "<group>"; xcLanguageSpecificationIdentifier = xcode.lang.swift; };
		91C831021F001D0500836BE9 /* UsbCable.swift */ = {isa = PBXFileReference; lastKnownFileType = sourcecode.swift; path = UsbCable.swift; sourceTree = "<group>"; };
/* End PBXFileReference section */

/* Begin PBXFrameworksBuildPhase section */
		91B9F7AE1ED916B300F7799D /* Frameworks */ = {
			isa = PBXFrameworksBuildPhase;
			buildActionMask = 2147483647;
			files = (
			);
			runOnlyForDeploymentPostprocessing = 0;
		};
/* End PBXFrameworksBuildPhase section */

/* Begin PBXGroup section */
		915817EF1F204B2300FA6382 /* Commands */ = {
			isa = PBXGroup;
			children = (
				9158180A1F20FD8700FA6382 /* AudioStreamCommands.swift */,
				915818081F20FB7700FA6382 /* CwxCommands.swift */,
				9158180C1F20FFEC00FA6382 /* EqualizerCommands.swift */,
				915818061F20FAEC00FA6382 /* IqStreamCommands.swift */,
				915818041F20F9EB00FA6382 /* MemoryCommands.swift */,
				915818021F20F7A600FA6382 /* MeterCommands.swift */,
				915817F01F204B4600FA6382 /* MicAudioStreamCommands.swift */,
				915817F11F204B4600FA6382 /* OpusCommands.swift */,
				915817F21F204B4600FA6382 /* PanadapterCommands.swift */,
				915817F31F204B4600FA6382 /* RadioCommands.swift */,
				915817F41F204B4600FA6382 /* SliceCommands.swift */,
				915817F51F204B4600FA6382 /* TnfCommands.swift */,
				915817F61F204B4600FA6382 /* TxAudioStreamCommands.swift */,
				911EF8E41F22668200F37791 /* UsbCableCommands.swift */,
				915817F71F204B4600FA6382 /* WaterfallCommands.swift */,
				915817F81F204B4600FA6382 /* XvtrCommands.swift */,
			);
			name = Commands;
			sourceTree = "<group>";
		};
		91B9F7A81ED916B300F7799D = {
			isa = PBXGroup;
			children = (
				91B9F7B41ED916B300F7799D /* xFlexAPI */,
				91B9F7B31ED916B300F7799D /* Products */,
			);
			sourceTree = "<group>";
		};
		91B9F7B31ED916B300F7799D /* Products */ = {
			isa = PBXGroup;
			children = (
				91B9F7B21ED916B300F7799D /* xFlexAPI.framework */,
			);
			name = Products;
			sourceTree = "<group>";
		};
		91B9F7B41ED916B300F7799D /* xFlexAPI */ = {
			isa = PBXGroup;
			children = (
				915817EF1F204B2300FA6382 /* Commands */,
				91B9F7CB1ED9170B00F7799D /* Models */,
				91B9F7DC1ED9170B00F7799D /* Networking */,
				91B9F7C21ED9170B00F7799D /* Misc */,
				91B9F7BD1ED9170B00F7799D /* CocoaAsyncSocket */,
				91B9F7B51ED916B300F7799D /* xFlexAPI.h */,
				91B9F7B61ED916B300F7799D /* Info.plist */,
			);
			path = xFlexAPI;
			sourceTree = "<group>";
		};
		91B9F7BD1ED9170B00F7799D /* CocoaAsyncSocket */ = {
			isa = PBXGroup;
			children = (
				91B9F8091ED9203300F7799D /* GCDAsyncSocket.h */,
				91B9F80A1ED9203300F7799D /* GCDAsyncSocket.m */,
				91B9F80B1ED9203300F7799D /* GCDAsyncUdpSocket.h */,
				91B9F80C1ED9203300F7799D /* GCDAsyncUdpSocket.m */,
			);
			name = CocoaAsyncSocket;
			path = Sources/CocoaAsyncSocket;
			sourceTree = "<group>";
		};
		91B9F7C21ED9170B00F7799D /* Misc */ = {
			isa = PBXGroup;
			children = (
				91B9F7C31ED9170B00F7799D /* Extensions.swift */,
				91B9F7C51ED9170B00F7799D /* Filters.plist */,
				91B9F7C61ED9170B00F7799D /* FlexErrors.swift */,
				91B9F7C91ED9170B00F7799D /* Notification.swift */,
				91B9F7CA1ED9170B00F7799D /* RadioParameters.swift */,
			);
			name = Misc;
			path = Sources/Misc;
			sourceTree = "<group>";
		};
		91B9F7CB1ED9170B00F7799D /* Models */ = {
			isa = PBXGroup;
			children = (
				91B9F7CC1ED9170B00F7799D /* AudioStream.swift */,
				91B9F7CD1ED9170B00F7799D /* Cwx.swift */,
				91B9F7CE1ED9170B00F7799D /* Equalizer.swift */,
				91B9F7CF1ED9170B00F7799D /* IqStream.swift */,
				91B9F7D01ED9170B00F7799D /* Log.swift */,
				91B9F7D11ED9170B00F7799D /* Memory.swift */,
				91B9F7D21ED9170B00F7799D /* Meter.swift */,
				91B9F7D31ED9170B00F7799D /* MicAudioStream.swift */,
				91B9F7D41ED9170B00F7799D /* Opus.swift */,
				91B9F7D51ED9170B00F7799D /* Panadapter.swift */,
				91B9F7D61ED9170B00F7799D /* Radio.swift */,
				91B9F7D71ED9170B00F7799D /* RadioFactory.swift */,
				91B9F7D81ED9170B00F7799D /* Slice.swift */,
				91B9F7D91ED9170B00F7799D /* Tnf.swift */,
				91B9F7DA1ED9170B00F7799D /* TxAudioStream.swift */,
				91C831021F001D0500836BE9 /* UsbCable.swift */,
				91B9F7DB1ED9170B00F7799D /* Waterfall.swift */,
				91C831001EFF4FA100836BE9 /* Xvtr.swift */,
			);
			name = Models;
			path = Sources/Models;
			sourceTree = "<group>";
		};
		91B9F7DC1ED9170B00F7799D /* Networking */ = {
			isa = PBXGroup;
			children = (
				91B9F7DD1ED9170B00F7799D /* Pinger.swift */,
				91B9F7DE1ED9170B00F7799D /* TcpManager.swift */,
				91B9F7DF1ED9170B00F7799D /* UdpManager.swift */,
				91B9F7E01ED9170B00F7799D /* Vita.swift */,
			);
			name = Networking;
			path = Sources/Networking;
			sourceTree = "<group>";
		};
/* End PBXGroup section */

/* Begin PBXHeadersBuildPhase section */
		91B9F7AF1ED916B300F7799D /* Headers */ = {
			isa = PBXHeadersBuildPhase;
			buildActionMask = 2147483647;
			files = (
				91B9F7B71ED916B300F7799D /* xFlexAPI.h in Headers */,
				91B9F8111ED9212200F7799D /* GCDAsyncSocket.h in Headers */,
				91B9F8121ED9212200F7799D /* GCDAsyncUdpSocket.h in Headers */,
			);
			runOnlyForDeploymentPostprocessing = 0;
		};
/* End PBXHeadersBuildPhase section */

/* Begin PBXNativeTarget section */
		91B9F7B11ED916B300F7799D /* xFlexAPI */ = {
			isa = PBXNativeTarget;
			buildConfigurationList = 91B9F7BA1ED916B300F7799D /* Build configuration list for PBXNativeTarget "xFlexAPI" */;
			buildPhases = (
				91B9F7AD1ED916B300F7799D /* Sources */,
				91B9F7AE1ED916B300F7799D /* Frameworks */,
				91B9F7AF1ED916B300F7799D /* Headers */,
				91B9F7B01ED916B300F7799D /* Resources */,
				91B9F8161ED926F800F7799D /* ShellScript */,
			);
			buildRules = (
			);
			dependencies = (
			);
			name = xFlexAPI;
			productName = xFlexAPI;
			productReference = 91B9F7B21ED916B300F7799D /* xFlexAPI.framework */;
			productType = "com.apple.product-type.framework";
		};
/* End PBXNativeTarget section */

/* Begin PBXProject section */
		91B9F7A91ED916B300F7799D /* Project object */ = {
			isa = PBXProject;
			attributes = {
				LastUpgradeCheck = 0900;
				ORGANIZATIONNAME = "Douglas Adams";
				TargetAttributes = {
					91B9F7B11ED916B300F7799D = {
						CreatedOnToolsVersion = 8.3.2;
						LastSwiftMigration = 0900;
						ProvisioningStyle = Automatic;
					};
				};
			};
			buildConfigurationList = 91B9F7AC1ED916B300F7799D /* Build configuration list for PBXProject "xFlexAPI" */;
			compatibilityVersion = "Xcode 3.2";
			developmentRegion = English;
			hasScannedForEncodings = 0;
			knownRegions = (
				en,
			);
			mainGroup = 91B9F7A81ED916B300F7799D;
			productRefGroup = 91B9F7B31ED916B300F7799D /* Products */;
			projectDirPath = "";
			projectRoot = "";
			targets = (
				91B9F7B11ED916B300F7799D /* xFlexAPI */,
			);
		};
/* End PBXProject section */

/* Begin PBXResourcesBuildPhase section */
		91B9F7B01ED916B300F7799D /* Resources */ = {
			isa = PBXResourcesBuildPhase;
			buildActionMask = 2147483647;
			files = (
				91B9F7E71ED9170B00F7799D /* Filters.plist in Resources */,
			);
			runOnlyForDeploymentPostprocessing = 0;
		};
/* End PBXResourcesBuildPhase section */

/* Begin PBXShellScriptBuildPhase section */
		91B9F8161ED926F800F7799D /* ShellScript */ = {
			isa = PBXShellScriptBuildPhase;
			buildActionMask = 2147483647;
			files = (
			);
			inputPaths = (
			);
			outputPaths = (
			);
			runOnlyForDeploymentPostprocessing = 0;
			shellPath = /bin/sh;
			shellScript = "buildNumber=$(/usr/libexec/PlistBuddy -c \"Print CFBundleVersion\" \"${PROJECT_DIR}/${INFOPLIST_FILE}\")\nbuildNumber=$(($buildNumber + 1))\n/usr/libexec/PlistBuddy -c \"Set :CFBundleVersion $buildNumber\" \"${PROJECT_DIR}/${INFOPLIST_FILE}\"";
		};
/* End PBXShellScriptBuildPhase section */

/* Begin PBXSourcesBuildPhase section */
		91B9F7AD1ED916B300F7799D /* Sources */ = {
			isa = PBXSourcesBuildPhase;
			buildActionMask = 2147483647;
			files = (
				91B9F7EF1ED9170B00F7799D /* Equalizer.swift in Sources */,
				91B9F7EE1ED9170B00F7799D /* Cwx.swift in Sources */,
				91B9F8101ED9203300F7799D /* GCDAsyncUdpSocket.m in Sources */,
				91B9F7FC1ED9170B00F7799D /* Waterfall.swift in Sources */,
				91B9F7F31ED9170B00F7799D /* Meter.swift in Sources */,
				91B9F7F21ED9170B00F7799D /* Memory.swift in Sources */,
				915817FF1F204B4600FA6382 /* TxAudioStreamCommands.swift in Sources */,
				915818011F204B4600FA6382 /* XvtrCommands.swift in Sources */,
				91B9F7FD1ED9170B00F7799D /* Pinger.swift in Sources */,
				91B9F7F71ED9170B00F7799D /* Radio.swift in Sources */,
				91B9F7F91ED9170B00F7799D /* Slice.swift in Sources */,
				915818031F20F7A600FA6382 /* MeterCommands.swift in Sources */,
				915818001F204B4600FA6382 /* WaterfallCommands.swift in Sources */,
				91B9F7E51ED9170B00F7799D /* Extensions.swift in Sources */,
				91B9F7FB1ED9170B00F7799D /* TxAudioStream.swift in Sources */,
				91C831011EFF4FA100836BE9 /* Xvtr.swift in Sources */,
				91B9F7F01ED9170B00F7799D /* IqStream.swift in Sources */,
				915818071F20FAEC00FA6382 /* IqStreamCommands.swift in Sources */,
				91B9F7EC1ED9170B00F7799D /* RadioParameters.swift in Sources */,
				915817FB1F204B4600FA6382 /* PanadapterCommands.swift in Sources */,
				915817FC1F204B4600FA6382 /* RadioCommands.swift in Sources */,
				91B9F80E1ED9203300F7799D /* GCDAsyncSocket.m in Sources */,
				91B9F7FA1ED9170B00F7799D /* Tnf.swift in Sources */,
				915817FA1F204B4600FA6382 /* OpusCommands.swift in Sources */,
				915818051F20F9EB00FA6382 /* MemoryCommands.swift in Sources */,
				91B9F7E81ED9170B00F7799D /* FlexErrors.swift in Sources */,
				91B9F7F11ED9170B00F7799D /* Log.swift in Sources */,
				91B9F7FE1ED9170B00F7799D /* TcpManager.swift in Sources */,
				9158180B1F20FD8700FA6382 /* AudioStreamCommands.swift in Sources */,
				915817FE1F204B4600FA6382 /* TnfCommands.swift in Sources */,
				91B9F7F61ED9170B00F7799D /* Panadapter.swift in Sources */,
				91B9F8001ED9170B00F7799D /* Vita.swift in Sources */,
				911EF8E51F22668200F37791 /* UsbCableCommands.swift in Sources */,
				915817F91F204B4600FA6382 /* MicAudioStreamCommands.swift in Sources */,
				91B9F7F81ED9170B00F7799D /* RadioFactory.swift in Sources */,
				91B9F7F41ED9170B00F7799D /* MicAudioStream.swift in Sources */,
				915817FD1F204B4600FA6382 /* SliceCommands.swift in Sources */,
				91B9F7EB1ED9170B00F7799D /* Notification.swift in Sources */,
				91B9F7FF1ED9170B00F7799D /* UdpManager.swift in Sources */,
				91B9F7ED1ED9170B00F7799D /* AudioStream.swift in Sources */,
				91C831031F001D0500836BE9 /* UsbCable.swift in Sources */,
				91B9F7F51ED9170B00F7799D /* Opus.swift in Sources */,
				915818091F20FB7700FA6382 /* CwxCommands.swift in Sources */,
				9158180D1F20FFEC00FA6382 /* EqualizerCommands.swift in Sources */,
			);
			runOnlyForDeploymentPostprocessing = 0;
		};
/* End PBXSourcesBuildPhase section */

/* Begin XCBuildConfiguration section */
		91B9F7B81ED916B300F7799D /* Debug */ = {
			isa = XCBuildConfiguration;
			buildSettings = {
				ALWAYS_SEARCH_USER_PATHS = NO;
				CLANG_ANALYZER_NONNULL = YES;
				CLANG_ANALYZER_NUMBER_OBJECT_CONVERSION = YES_AGGRESSIVE;
				CLANG_CXX_LANGUAGE_STANDARD = "gnu++0x";
				CLANG_CXX_LIBRARY = "libc++";
				CLANG_ENABLE_MODULES = YES;
				CLANG_ENABLE_OBJC_ARC = YES;
				CLANG_WARN_BLOCK_CAPTURE_AUTORELEASING = YES;
				CLANG_WARN_BOOL_CONVERSION = YES;
				CLANG_WARN_COMMA = YES;
				CLANG_WARN_CONSTANT_CONVERSION = YES;
				CLANG_WARN_DIRECT_OBJC_ISA_USAGE = YES_ERROR;
				CLANG_WARN_DOCUMENTATION_COMMENTS = YES;
				CLANG_WARN_EMPTY_BODY = YES;
				CLANG_WARN_ENUM_CONVERSION = YES;
				CLANG_WARN_INFINITE_RECURSION = YES;
				CLANG_WARN_INT_CONVERSION = YES;
				CLANG_WARN_NON_LITERAL_NULL_CONVERSION = YES;
				CLANG_WARN_OBJC_LITERAL_CONVERSION = YES;
				CLANG_WARN_OBJC_ROOT_CLASS = YES_ERROR;
				CLANG_WARN_RANGE_LOOP_ANALYSIS = YES;
				CLANG_WARN_STRICT_PROTOTYPES = YES;
				CLANG_WARN_SUSPICIOUS_MOVE = YES;
				CLANG_WARN_UNREACHABLE_CODE = YES;
				CLANG_WARN__DUPLICATE_METHOD_MATCH = YES;
				CODE_SIGN_IDENTITY = "-";
				COPY_PHASE_STRIP = NO;
				CURRENT_PROJECT_VERSION = 1;
				DEBUG_INFORMATION_FORMAT = dwarf;
				ENABLE_STRICT_OBJC_MSGSEND = YES;
				ENABLE_TESTABILITY = YES;
				GCC_C_LANGUAGE_STANDARD = gnu99;
				GCC_DYNAMIC_NO_PIC = NO;
				GCC_NO_COMMON_BLOCKS = YES;
				GCC_OPTIMIZATION_LEVEL = 0;
				GCC_PREPROCESSOR_DEFINITIONS = (
					"DEBUG=1",
					"$(inherited)",
				);
				GCC_WARN_64_TO_32_BIT_CONVERSION = YES;
				GCC_WARN_ABOUT_RETURN_TYPE = YES_ERROR;
				GCC_WARN_UNDECLARED_SELECTOR = YES;
				GCC_WARN_UNINITIALIZED_AUTOS = YES_AGGRESSIVE;
				GCC_WARN_UNUSED_FUNCTION = YES;
				GCC_WARN_UNUSED_VARIABLE = YES;
				MACOSX_DEPLOYMENT_TARGET = 10.10;
				MTL_ENABLE_DEBUG_INFO = YES;
				ONLY_ACTIVE_ARCH = YES;
				SDKROOT = macosx;
				SWIFT_ACTIVE_COMPILATION_CONDITIONS = DEBUG;
				SWIFT_OPTIMIZATION_LEVEL = "-Onone";
				VERSIONING_SYSTEM = "apple-generic";
				VERSION_INFO_PREFIX = "";
			};
			name = Debug;
		};
		91B9F7B91ED916B300F7799D /* Release */ = {
			isa = XCBuildConfiguration;
			buildSettings = {
				ALWAYS_SEARCH_USER_PATHS = NO;
				CLANG_ANALYZER_NONNULL = YES;
				CLANG_ANALYZER_NUMBER_OBJECT_CONVERSION = YES_AGGRESSIVE;
				CLANG_CXX_LANGUAGE_STANDARD = "gnu++0x";
				CLANG_CXX_LIBRARY = "libc++";
				CLANG_ENABLE_MODULES = YES;
				CLANG_ENABLE_OBJC_ARC = YES;
				CLANG_WARN_BLOCK_CAPTURE_AUTORELEASING = YES;
				CLANG_WARN_BOOL_CONVERSION = YES;
				CLANG_WARN_COMMA = YES;
				CLANG_WARN_CONSTANT_CONVERSION = YES;
				CLANG_WARN_DIRECT_OBJC_ISA_USAGE = YES_ERROR;
				CLANG_WARN_DOCUMENTATION_COMMENTS = YES;
				CLANG_WARN_EMPTY_BODY = YES;
				CLANG_WARN_ENUM_CONVERSION = YES;
				CLANG_WARN_INFINITE_RECURSION = YES;
				CLANG_WARN_INT_CONVERSION = YES;
				CLANG_WARN_NON_LITERAL_NULL_CONVERSION = YES;
				CLANG_WARN_OBJC_LITERAL_CONVERSION = YES;
				CLANG_WARN_OBJC_ROOT_CLASS = YES_ERROR;
				CLANG_WARN_RANGE_LOOP_ANALYSIS = YES;
				CLANG_WARN_STRICT_PROTOTYPES = YES;
				CLANG_WARN_SUSPICIOUS_MOVE = YES;
				CLANG_WARN_UNREACHABLE_CODE = YES;
				CLANG_WARN__DUPLICATE_METHOD_MATCH = YES;
				CODE_SIGN_IDENTITY = "-";
				COPY_PHASE_STRIP = NO;
				CURRENT_PROJECT_VERSION = 1;
				DEBUG_INFORMATION_FORMAT = "dwarf-with-dsym";
				ENABLE_NS_ASSERTIONS = NO;
				ENABLE_STRICT_OBJC_MSGSEND = YES;
				GCC_C_LANGUAGE_STANDARD = gnu99;
				GCC_NO_COMMON_BLOCKS = YES;
				GCC_WARN_64_TO_32_BIT_CONVERSION = YES;
				GCC_WARN_ABOUT_RETURN_TYPE = YES_ERROR;
				GCC_WARN_UNDECLARED_SELECTOR = YES;
				GCC_WARN_UNINITIALIZED_AUTOS = YES_AGGRESSIVE;
				GCC_WARN_UNUSED_FUNCTION = YES;
				GCC_WARN_UNUSED_VARIABLE = YES;
				MACOSX_DEPLOYMENT_TARGET = 10.10;
				MTL_ENABLE_DEBUG_INFO = NO;
				SDKROOT = macosx;
				SWIFT_OPTIMIZATION_LEVEL = "-Owholemodule";
				VERSIONING_SYSTEM = "apple-generic";
				VERSION_INFO_PREFIX = "";
			};
			name = Release;
		};
		91B9F7BB1ED916B300F7799D /* Debug */ = {
			isa = XCBuildConfiguration;
			buildSettings = {
				CLANG_ENABLE_MODULES = YES;
				CODE_SIGN_IDENTITY = "";
				COMBINE_HIDPI_IMAGES = YES;
				DEFINES_MODULE = YES;
				DYLIB_COMPATIBILITY_VERSION = 1;
				DYLIB_CURRENT_VERSION = 1;
				DYLIB_INSTALL_NAME_BASE = "@rpath";
				FRAMEWORK_VERSION = A;
				INFOPLIST_FILE = xFlexAPI/Info.plist;
				INSTALL_PATH = "$(LOCAL_LIBRARY_DIR)/Frameworks";
				LD_RUNPATH_SEARCH_PATHS = "$(inherited) @executable_path/../Frameworks @loader_path/Frameworks";
				MACOSX_DEPLOYMENT_TARGET = 10.10;
				PRODUCT_BUNDLE_IDENTIFIER = net.k3tzr.xFlexAPI;
				PRODUCT_NAME = "$(TARGET_NAME)";
				SKIP_INSTALL = YES;
				SWIFT_OPTIMIZATION_LEVEL = "-Onone";
				SWIFT_SWIFT3_OBJC_INFERENCE = Off;
				SWIFT_VERSION = 3.0;
			};
			name = Debug;
		};
		91B9F7BC1ED916B300F7799D /* Release */ = {
			isa = XCBuildConfiguration;
			buildSettings = {
				CLANG_ENABLE_MODULES = YES;
				CODE_SIGN_IDENTITY = "";
				COMBINE_HIDPI_IMAGES = YES;
				DEFINES_MODULE = YES;
				DYLIB_COMPATIBILITY_VERSION = 1;
				DYLIB_CURRENT_VERSION = 1;
				DYLIB_INSTALL_NAME_BASE = "@rpath";
				FRAMEWORK_VERSION = A;
				INFOPLIST_FILE = xFlexAPI/Info.plist;
				INSTALL_PATH = "$(LOCAL_LIBRARY_DIR)/Frameworks";
				LD_RUNPATH_SEARCH_PATHS = "$(inherited) @executable_path/../Frameworks @loader_path/Frameworks";
				MACOSX_DEPLOYMENT_TARGET = 10.10;
				PRODUCT_BUNDLE_IDENTIFIER = net.k3tzr.xFlexAPI;
				PRODUCT_NAME = "$(TARGET_NAME)";
				SKIP_INSTALL = YES;
				SWIFT_SWIFT3_OBJC_INFERENCE = Off;
				SWIFT_VERSION = 3.0;
			};
			name = Release;
		};
/* End XCBuildConfiguration section */

/* Begin XCConfigurationList section */
		91B9F7AC1ED916B300F7799D /* Build configuration list for PBXProject "xFlexAPI" */ = {
			isa = XCConfigurationList;
			buildConfigurations = (
				91B9F7B81ED916B300F7799D /* Debug */,
				91B9F7B91ED916B300F7799D /* Release */,
			);
			defaultConfigurationIsVisible = 0;
			defaultConfigurationName = Release;
		};
		91B9F7BA1ED916B300F7799D /* Build configuration list for PBXNativeTarget "xFlexAPI" */ = {
			isa = XCConfigurationList;
			buildConfigurations = (
				91B9F7BB1ED916B300F7799D /* Debug */,
				91B9F7BC1ED916B300F7799D /* Release */,
			);
			defaultConfigurationIsVisible = 0;
			defaultConfigurationName = Release;
		};
/* End XCConfigurationList section */
	};
	rootObject = 91B9F7A91ED916B300F7799D /* Project object */;
}
